// !$*UTF8*$!
{
	archiveVersion = 1;
	classes = {
	};
	objectVersion = 46;
	objects = {

/* Begin PBXBuildFile section */
		A007AE781DD1F87A007F1453 /* Story.swift in Sources */ = {isa = PBXBuildFile; fileRef = A007AE771DD1F87A007F1453 /* Story.swift */; };
		A0254CD11DD0B9F6008F8542 /* AppDelegate.swift in Sources */ = {isa = PBXBuildFile; fileRef = A0254CD01DD0B9F6008F8542 /* AppDelegate.swift */; };
		A0254CD31DD0B9F6008F8542 /* ViewController.swift in Sources */ = {isa = PBXBuildFile; fileRef = A0254CD21DD0B9F6008F8542 /* ViewController.swift */; };
		A0254CD81DD0B9F6008F8542 /* Assets.xcassets in Resources */ = {isa = PBXBuildFile; fileRef = A0254CD71DD0B9F6008F8542 /* Assets.xcassets */; };
		A0254CDB1DD0B9F6008F8542 /* LaunchScreen.storyboard in Resources */ = {isa = PBXBuildFile; fileRef = A0254CD91DD0B9F6008F8542 /* LaunchScreen.storyboard */; };
		A0254CE51DD11B48008F8542 /* SecondViewController.swift in Sources */ = {isa = PBXBuildFile; fileRef = A0254CE41DD11B48008F8542 /* SecondViewController.swift */; };
		A0254CE71DD11B5E008F8542 /* ThirdViewController.swift in Sources */ = {isa = PBXBuildFile; fileRef = A0254CE61DD11B5E008F8542 /* ThirdViewController.swift */; };
		A04543E81DD5F8900059E237 /* Main.storyboard in Resources */ = {isa = PBXBuildFile; fileRef = A04543E61DD5F8900059E237 /* Main.storyboard */; };
		A04543F31DD616620059E237 /* madlib0_simple.txt in Resources */ = {isa = PBXBuildFile; fileRef = A04543EB1DD616620059E237 /* madlib0_simple.txt */; };
		A04543F41DD616620059E237 /* madlib1_tarzan.txt in Resources */ = {isa = PBXBuildFile; fileRef = A04543EC1DD616620059E237 /* madlib1_tarzan.txt */; };
		A04543F51DD616620059E237 /* madlib2_university.txt in Resources */ = {isa = PBXBuildFile; fileRef = A04543ED1DD616620059E237 /* madlib2_university.txt */; };
		A04543F61DD616620059E237 /* madlib3_clothes.txt in Resources */ = {isa = PBXBuildFile; fileRef = A04543EE1DD616620059E237 /* madlib3_clothes.txt */; };
		A04543F71DD616620059E237 /* madlib4_dance.txt in Resources */ = {isa = PBXBuildFile; fileRef = A04543EF1DD616620059E237 /* madlib4_dance.txt */; };
/* End PBXBuildFile section */

/* Begin PBXFileReference section */
		A007AE771DD1F87A007F1453 /* Story.swift */ = {isa = PBXFileReference; fileEncoding = 4; lastKnownFileType = sourcecode.swift; name = Story.swift; path = ../../../Downloads/madlibs_ios/Story.swift; sourceTree = "<group>"; };
		A0254CCD1DD0B9F5008F8542 /* jillderon.pset2.app */ = {isa = PBXFileReference; explicitFileType = wrapper.application; includeInIndex = 0; path = jillderon.pset2.app; sourceTree = BUILT_PRODUCTS_DIR; };
		A0254CD01DD0B9F6008F8542 /* AppDelegate.swift */ = {isa = PBXFileReference; lastKnownFileType = sourcecode.swift; path = AppDelegate.swift; sourceTree = "<group>"; };
		A0254CD21DD0B9F6008F8542 /* ViewController.swift */ = {isa = PBXFileReference; lastKnownFileType = sourcecode.swift; path = ViewController.swift; sourceTree = "<group>"; };
		A0254CD71DD0B9F6008F8542 /* Assets.xcassets */ = {isa = PBXFileReference; lastKnownFileType = folder.assetcatalog; path = Assets.xcassets; sourceTree = "<group>"; };
		A0254CDA1DD0B9F6008F8542 /* Base */ = {isa = PBXFileReference; lastKnownFileType = file.storyboard; name = Base; path = Base.lproj/LaunchScreen.storyboard; sourceTree = "<group>"; };
		A0254CDC1DD0B9F6008F8542 /* Info.plist */ = {isa = PBXFileReference; lastKnownFileType = text.plist.xml; path = Info.plist; sourceTree = "<group>"; };
		A0254CE41DD11B48008F8542 /* SecondViewController.swift */ = {isa = PBXFileReference; fileEncoding = 4; lastKnownFileType = sourcecode.swift; path = SecondViewController.swift; sourceTree = "<group>"; };
		A0254CE61DD11B5E008F8542 /* ThirdViewController.swift */ = {isa = PBXFileReference; fileEncoding = 4; lastKnownFileType = sourcecode.swift; path = ThirdViewController.swift; sourceTree = "<group>"; };
		A04543E71DD5F8900059E237 /* Base */ = {isa = PBXFileReference; lastKnownFileType = file.storyboard; name = Base; path = Base.lproj/Main.storyboard; sourceTree = "<group>"; };
		A04543EB1DD616620059E237 /* madlib0_simple.txt */ = {isa = PBXFileReference; fileEncoding = 4; lastKnownFileType = text; path = madlib0_simple.txt; sourceTree = "<group>"; };
		A04543EC1DD616620059E237 /* madlib1_tarzan.txt */ = {isa = PBXFileReference; fileEncoding = 4; lastKnownFileType = text; path = madlib1_tarzan.txt; sourceTree = "<group>"; };
		A04543ED1DD616620059E237 /* madlib2_university.txt */ = {isa = PBXFileReference; fileEncoding = 4; lastKnownFileType = text; path = madlib2_university.txt; sourceTree = "<group>"; };
		A04543EE1DD616620059E237 /* madlib3_clothes.txt */ = {isa = PBXFileReference; fileEncoding = 4; lastKnownFileType = text; path = madlib3_clothes.txt; sourceTree = "<group>"; };
		A04543EF1DD616620059E237 /* madlib4_dance.txt */ = {isa = PBXFileReference; fileEncoding = 4; lastKnownFileType = text; path = madlib4_dance.txt; sourceTree = "<group>"; };
/* End PBXFileReference section */

/* Begin PBXFrameworksBuildPhase section */
		A0254CCA1DD0B9F5008F8542 /* Frameworks */ = {
			isa = PBXFrameworksBuildPhase;
			buildActionMask = 2147483647;
			files = (
			);
			runOnlyForDeploymentPostprocessing = 0;
		};
/* End PBXFrameworksBuildPhase section */

/* Begin PBXGroup section */
		A0254CC41DD0B9F5008F8542 = {
			isa = PBXGroup;
			children = (
				A0254CCF1DD0B9F5008F8542 /* jillderon.pset2 */,
				A0254CCE1DD0B9F5008F8542 /* Products */,
			);
			sourceTree = "<group>";
		};
		A0254CCE1DD0B9F5008F8542 /* Products */ = {
			isa = PBXGroup;
			children = (
				A0254CCD1DD0B9F5008F8542 /* jillderon.pset2.app */,
			);
			name = Products;
			sourceTree = "<group>";
		};
		A0254CCF1DD0B9F5008F8542 /* jillderon.pset2 */ = {
			isa = PBXGroup;
			children = (
				A04543F91DD6166E0059E237 /* Stories */,
				A0254CD01DD0B9F6008F8542 /* AppDelegate.swift */,
				A007AE771DD1F87A007F1453 /* Story.swift */,
				A0254CD21DD0B9F6008F8542 /* ViewController.swift */,
				A0254CE41DD11B48008F8542 /* SecondViewController.swift */,
				A0254CE61DD11B5E008F8542 /* ThirdViewController.swift */,
				A0254CD71DD0B9F6008F8542 /* Assets.xcassets */,
				A04543E61DD5F8900059E237 /* Main.storyboard */,
				A0254CD91DD0B9F6008F8542 /* LaunchScreen.storyboard */,
				A0254CDC1DD0B9F6008F8542 /* Info.plist */,
			);
			path = jillderon.pset2;
			sourceTree = "<group>";
		};
		A04543F91DD6166E0059E237 /* Stories */ = {
			isa = PBXGroup;
			children = (
				A04543EB1DD616620059E237 /* madlib0_simple.txt */,
				A04543EC1DD616620059E237 /* madlib1_tarzan.txt */,
				A04543ED1DD616620059E237 /* madlib2_university.txt */,
				A04543EE1DD616620059E237 /* madlib3_clothes.txt */,
				A04543EF1DD616620059E237 /* madlib4_dance.txt */,
			);
			name = Stories;
			sourceTree = "<group>";
		};
/* End PBXGroup section */

/* Begin PBXNativeTarget section */
		A0254CCC1DD0B9F5008F8542 /* jillderon.pset2 */ = {
			isa = PBXNativeTarget;
			buildConfigurationList = A0254CDF1DD0B9F6008F8542 /* Build configuration list for PBXNativeTarget "jillderon.pset2" */;
			buildPhases = (
				A0254CC91DD0B9F5008F8542 /* Sources */,
				A0254CCA1DD0B9F5008F8542 /* Frameworks */,
				A0254CCB1DD0B9F5008F8542 /* Resources */,
			);
			buildRules = (
			);
			dependencies = (
			);
			name = jillderon.pset2;
			productName = jillderon.pset2;
			productReference = A0254CCD1DD0B9F5008F8542 /* jillderon.pset2.app */;
			productType = "com.apple.product-type.application";
		};
/* End PBXNativeTarget section */

/* Begin PBXProject section */
		A0254CC51DD0B9F5008F8542 /* Project object */ = {
			isa = PBXProject;
			attributes = {
				LastSwiftUpdateCheck = 0810;
				LastUpgradeCheck = 0810;
				ORGANIZATIONNAME = "Jill de Ron";
				TargetAttributes = {
					A0254CCC1DD0B9F5008F8542 = {
						CreatedOnToolsVersion = 8.1;
						DevelopmentTeam = D4DP5K9TQ5;
						ProvisioningStyle = Automatic;
					};
				};
			};
			buildConfigurationList = A0254CC81DD0B9F5008F8542 /* Build configuration list for PBXProject "jillderon.pset2" */;
			compatibilityVersion = "Xcode 3.2";
			developmentRegion = English;
			hasScannedForEncodings = 0;
			knownRegions = (
				en,
				Base,
			);
			mainGroup = A0254CC41DD0B9F5008F8542;
			productRefGroup = A0254CCE1DD0B9F5008F8542 /* Products */;
			projectDirPath = "";
			projectRoot = "";
			targets = (
				A0254CCC1DD0B9F5008F8542 /* jillderon.pset2 */,
			);
		};
/* End PBXProject section */

/* Begin PBXResourcesBuildPhase section */
		A0254CCB1DD0B9F5008F8542 /* Resources */ = {
			isa = PBXResourcesBuildPhase;
			buildActionMask = 2147483647;
			files = (
				A0254CDB1DD0B9F6008F8542 /* LaunchScreen.storyboard in Resources */,
				A04543F51DD616620059E237 /* madlib2_university.txt in Resources */,
				A04543F61DD616620059E237 /* madlib3_clothes.txt in Resources */,
				A04543F41DD616620059E237 /* madlib1_tarzan.txt in Resources */,
				A04543F31DD616620059E237 /* madlib0_simple.txt in Resources */,
				A04543F71DD616620059E237 /* madlib4_dance.txt in Resources */,
				A0254CD81DD0B9F6008F8542 /* Assets.xcassets in Resources */,
				A04543E81DD5F8900059E237 /* Main.storyboard in Resources */,
			);
			runOnlyForDeploymentPostprocessing = 0;
		};
/* End PBXResourcesBuildPhase section */

/* Begin PBXSourcesBuildPhase section */
		A0254CC91DD0B9F5008F8542 /* Sources */ = {
			isa = PBXSourcesBuildPhase;
			buildActionMask = 2147483647;
			files = (
				A0254CE51DD11B48008F8542 /* SecondViewController.swift in Sources */,
				A0254CD31DD0B9F6008F8542 /* ViewController.swift in Sources */,
				A0254CE71DD11B5E008F8542 /* ThirdViewController.swift in Sources */,
				A0254CD11DD0B9F6008F8542 /* AppDelegate.swift in Sources */,
				A007AE781DD1F87A007F1453 /* Story.swift in Sources */,
			);
			runOnlyForDeploymentPostprocessing = 0;
		};
/* End PBXSourcesBuildPhase section */

/* Begin PBXVariantGroup section */
		A0254CD91DD0B9F6008F8542 /* LaunchScreen.storyboard */ = {
			isa = PBXVariantGroup;
			children = (
				A0254CDA1DD0B9F6008F8542 /* Base */,
			);
			name = LaunchScreen.storyboard;
			sourceTree = "<group>";
		};
		A04543E61DD5F8900059E237 /* Main.storyboard */ = {
			isa = PBXVariantGroup;
			children = (
				A04543E71DD5F8900059E237 /* Base */,
			);
			name = Main.storyboard;
			sourceTree = "<group>";
		};
/* End PBXVariantGroup section */

/* Begin XCBuildConfiguration section */
		A0254CDD1DD0B9F6008F8542 /* Debug */ = {
			isa = XCBuildConfiguration;
			buildSettings = {
				ALWAYS_SEARCH_USER_PATHS = NO;
				CLANG_ANALYZER_NONNULL = YES;
				CLANG_CXX_LANGUAGE_STANDARD = "gnu++0x";
				CLANG_CXX_LIBRARY = "libc++";
				CLANG_ENABLE_MODULES = YES;
				CLANG_ENABLE_OBJC_ARC = YES;
				CLANG_WARN_BOOL_CONVERSION = YES;
				CLANG_WARN_CONSTANT_CONVERSION = YES;
				CLANG_WARN_DIRECT_OBJC_ISA_USAGE = YES_ERROR;
				CLANG_WARN_DOCUMENTATION_COMMENTS = YES;
				CLANG_WARN_EMPTY_BODY = YES;
				CLANG_WARN_ENUM_CONVERSION = YES;
				CLANG_WARN_INFINITE_RECURSION = YES;
				CLANG_WARN_INT_CONVERSION = YES;
				CLANG_WARN_OBJC_ROOT_CLASS = YES_ERROR;
				CLANG_WARN_SUSPICIOUS_MOVES = YES;
				CLANG_WARN_UNREACHABLE_CODE = YES;
				CLANG_WARN__DUPLICATE_METHOD_MATCH = YES;
				"CODE_SIGN_IDENTITY[sdk=iphoneos*]" = "iPhone Developer";
				COPY_PHASE_STRIP = NO;
				DEBUG_INFORMATION_FORMAT = dwarf;
				ENABLE_STRICT_OBJC_MSGSEND = YES;
				ENABLE_TESTABILITY = YES;
				GCC_C_LANGUAGE_STANDARD = gnu99;
				GCC_DYNAMIC_NO_PIC = NO;
				GCC_NO_COMMON_BLOCKS = YES;
				GCC_OPTIMIZATION_LEVEL = 0;
				GCC_PREPROCESSOR_DEFINITIONS = (
					"DEBUG=1",
					"$(inherited)",
				);
				GCC_WARN_64_TO_32_BIT_CONVERSION = YES;
				GCC_WARN_ABOUT_RETURN_TYPE = YES_ERROR;
				GCC_WARN_UNDECLARED_SELECTOR = YES;
				GCC_WARN_UNINITIALIZED_AUTOS = YES_AGGRESSIVE;
				GCC_WARN_UNUSED_FUNCTION = YES;
				GCC_WARN_UNUSED_VARIABLE = YES;
				IPHONEOS_DEPLOYMENT_TARGET = 10.1;
				MTL_ENABLE_DEBUG_INFO = YES;
				ONLY_ACTIVE_ARCH = YES;
				SDKROOT = iphoneos;
				SWIFT_ACTIVE_COMPILATION_CONDITIONS = DEBUG;
				SWIFT_OPTIMIZATION_LEVEL = "-Onone";
				TARGETED_DEVICE_FAMILY = "1,2";
			};
			name = Debug;
		};
		A0254CDE1DD0B9F6008F8542 /* Release */ = {
			isa = XCBuildConfiguration;
			buildSettings = {
				ALWAYS_SEARCH_USER_PATHS = NO;
				CLANG_ANALYZER_NONNULL = YES;
				CLANG_CXX_LANGUAGE_STANDARD = "gnu++0x";
				CLANG_CXX_LIBRARY = "libc++";
				CLANG_ENABLE_MODULES = YES;
				CLANG_ENABLE_OBJC_ARC = YES;
				CLANG_WARN_BOOL_CONVERSION = YES;
				CLANG_WARN_CONSTANT_CONVERSION = YES;
				CLANG_WARN_DIRECT_OBJC_ISA_USAGE = YES_ERROR;
				CLANG_WARN_DOCUMENTATION_COMMENTS = YES;
				CLANG_WARN_EMPTY_BODY = YES;
				CLANG_WARN_ENUM_CONVERSION = YES;
				CLANG_WARN_INFINITE_RECURSION = YES;
				CLANG_WARN_INT_CONVERSION = YES;
				CLANG_WARN_OBJC_ROOT_CLASS = YES_ERROR;
				CLANG_WARN_SUSPICIOUS_MOVES = YES;
				CLANG_WARN_UNREACHABLE_CODE = YES;
				CLANG_WARN__DUPLICATE_METHOD_MATCH = YES;
				"CODE_SIGN_IDENTITY[sdk=iphoneos*]" = "iPhone Developer";
				COPY_PHASE_STRIP = NO;
				DEBUG_INFORMATION_FORMAT = "dwarf-with-dsym";
				ENABLE_NS_ASSERTIONS = NO;
				ENABLE_STRICT_OBJC_MSGSEND = YES;
				GCC_C_LANGUAGE_STANDARD = gnu99;
				GCC_NO_COMMON_BLOCKS = YES;
				GCC_WARN_64_TO_32_BIT_CONVERSION = YES;
				GCC_WARN_ABOUT_RETURN_TYPE = YES_ERROR;
				GCC_WARN_UNDECLARED_SELECTOR = YES;
				GCC_WARN_UNINITIALIZED_AUTOS = YES_AGGRESSIVE;
				GCC_WARN_UNUSED_FUNCTION = YES;
				GCC_WARN_UNUSED_VARIABLE = YES;
				IPHONEOS_DEPLOYMENT_TARGET = 10.1;
				MTL_ENABLE_DEBUG_INFO = NO;
				SDKROOT = iphoneos;
				SWIFT_OPTIMIZATION_LEVEL = "-Owholemodule";
				TARGETED_DEVICE_FAMILY = "1,2";
				VALIDATE_PRODUCT = YES;
			};
			name = Release;
		};
		A0254CE01DD0B9F6008F8542 /* Debug */ = {
			isa = XCBuildConfiguration;
			buildSettings = {
				ASSETCATALOG_COMPILER_APPICON_NAME = AppIcon;
				DEVELOPMENT_TEAM = D4DP5K9TQ5;
				INFOPLIST_FILE = jillderon.pset2/Info.plist;
				LD_RUNPATH_SEARCH_PATHS = "$(inherited) @executable_path/Frameworks";
				PRODUCT_BUNDLE_IDENTIFIER = "nl.mprog.jillderon-pset2";
				PRODUCT_NAME = "$(TARGET_NAME)";
				SWIFT_VERSION = 3.0;
			};
			name = Debug;
		};
		A0254CE11DD0B9F6008F8542 /* Release */ = {
			isa = XCBuildConfiguration;
			buildSettings = {
				ASSETCATALOG_COMPILER_APPICON_NAME = AppIcon;
				DEVELOPMENT_TEAM = D4DP5K9TQ5;
				INFOPLIST_FILE = jillderon.pset2/Info.plist;
				LD_RUNPATH_SEARCH_PATHS = "$(inherited) @executable_path/Frameworks";
				PRODUCT_BUNDLE_IDENTIFIER = "nl.mprog.jillderon-pset2";
				PRODUCT_NAME = "$(TARGET_NAME)";
				SWIFT_VERSION = 3.0;
			};
			name = Release;
		};
/* End XCBuildConfiguration section */

/* Begin XCConfigurationList section */
		A0254CC81DD0B9F5008F8542 /* Build configuration list for PBXProject "jillderon.pset2" */ = {
			isa = XCConfigurationList;
			buildConfigurations = (
				A0254CDD1DD0B9F6008F8542 /* Debug */,
				A0254CDE1DD0B9F6008F8542 /* Release */,
			);
			defaultConfigurationIsVisible = 0;
			defaultConfigurationName = Release;
		};
		A0254CDF1DD0B9F6008F8542 /* Build configuration list for PBXNativeTarget "jillderon.pset2" */ = {
			isa = XCConfigurationList;
			buildConfigurations = (
				A0254CE01DD0B9F6008F8542 /* Debug */,
				A0254CE11DD0B9F6008F8542 /* Release */,
			);
			defaultConfigurationIsVisible = 0;
			defaultConfigurationName = Release;
		};
/* End XCConfigurationList section */
	};
	rootObject = A0254CC51DD0B9F5008F8542 /* Project object */;
}
